
Microsoft Visual Studio Solution File, Format Version 12.00
# Visual Studio Version 17
VisualStudioVersion = 17.11.35222.181
MinimumVisualStudioVersion = 10.0.40219.1
Project("{FAE04EC0-301F-11D3-BF4B-00C04F79EFBC}") = "Projektmunka2024", "Projektmunka2024\Projektmunka2024.csproj", "{C79EEC43-AB5E-4040-89CA-015706A893F6}"
EndProject
Global
	GlobalSection(SolutionConfigurationPlatforms) = preSolution
		Debug|Any CPU = Debug|Any CPU
		Release|Any CPU = Release|Any CPU
	EndGlobalSection
	GlobalSection(ProjectConfigurationPlatforms) = postSolution
		{C79EEC43-AB5E-4040-89CA-015706A893F6}.Debug|Any CPU.ActiveCfg = Debug|Any CPU
		{C79EEC43-AB5E-4040-89CA-015706A893F6}.Debug|Any CPU.Build.0 = Debug|Any CPU
		{C79EEC43-AB5E-4040-89CA-015706A893F6}.Release|Any CPU.ActiveCfg = Release|Any CPU
		{C79EEC43-AB5E-4040-89CA-015706A893F6}.Release|Any CPU.Build.0 = Release|Any CPU
	EndGlobalSection
	GlobalSection(SolutionProperties) = preSolution
		HideSolutionNode = FALSE
	EndGlobalSection
	GlobalSection(ExtensibilityGlobals) = postSolution
		SolutionGuid = {61D1A7CF-BECA-4A6E-96CA-A3A51E99BAC1}
	EndGlobalSection
EndGlobal
