
Microsoft Visual Studio Solution File, Format Version 12.00
# Visual Studio Version 17
VisualStudioVersion = 17.11.35222.181
MinimumVisualStudioVersion = 10.0.40219.1
Project("{FAE04EC0-301F-11D3-BF4B-00C04F79EFBC}") = "rendezes performance test", "rendezes performance test\rendezes performance test.csproj", "{797005BA-6325-4344-A09A-F50071082BCD}"
EndProject
Global
	GlobalSection(SolutionConfigurationPlatforms) = preSolution
		Debug|Any CPU = Debug|Any CPU
		Release|Any CPU = Release|Any CPU
	EndGlobalSection
	GlobalSection(ProjectConfigurationPlatforms) = postSolution
		{797005BA-6325-4344-A09A-F50071082BCD}.Debug|Any CPU.ActiveCfg = Debug|Any CPU
		{797005BA-6325-4344-A09A-F50071082BCD}.Debug|Any CPU.Build.0 = Debug|Any CPU
		{797005BA-6325-4344-A09A-F50071082BCD}.Release|Any CPU.ActiveCfg = Release|Any CPU
		{797005BA-6325-4344-A09A-F50071082BCD}.Release|Any CPU.Build.0 = Release|Any CPU
	EndGlobalSection
	GlobalSection(SolutionProperties) = preSolution
		HideSolutionNode = FALSE
	EndGlobalSection
	GlobalSection(ExtensibilityGlobals) = postSolution
		SolutionGuid = {9C09E302-17AA-4C81-ABF0-36E1FD462B1F}
	EndGlobalSection
EndGlobal
